
Microsoft Visual Studio Solution File, Format Version 12.00
# Visual Studio Version 17
VisualStudioVersion = 17.9.34728.123
MinimumVisualStudioVersion = 10.0.40219.1
Project("{FAE04EC0-301F-11D3-BF4B-00C04F79EFBC}") = "TodoProject", "TodoProject\TodoProject.csproj", "{23F5E40A-2DCC-4647-8444-878317B878B5}"
EndProject
Global
	GlobalSection(SolutionConfigurationPlatforms) = preSolution
		Debug|Any CPU = Debug|Any CPU
		Release|Any CPU = Release|Any CPU
	EndGlobalSection
	GlobalSection(ProjectConfigurationPlatforms) = postSolution
		{23F5E40A-2DCC-4647-8444-878317B878B5}.Debug|Any CPU.ActiveCfg = Debug|Any CPU
		{23F5E40A-2DCC-4647-8444-878317B878B5}.Debug|Any CPU.Build.0 = Debug|Any CPU
		{23F5E40A-2DCC-4647-8444-878317B878B5}.Release|Any CPU.ActiveCfg = Release|Any CPU
		{23F5E40A-2DCC-4647-8444-878317B878B5}.Release|Any CPU.Build.0 = Release|Any CPU
	EndGlobalSection
	GlobalSection(SolutionProperties) = preSolution
		HideSolutionNode = FALSE
	EndGlobalSection
	GlobalSection(ExtensibilityGlobals) = postSolution
		SolutionGuid = {A932B002-5FD9-4D5D-9215-2D8DDC415600}
	EndGlobalSection
EndGlobal
